github.com/hongping1224/lidario v0.0.0-20200916050242-dcaaf6bb005f h1:nSaU+9Bz25wR5DWgicY6+xsAUytThtyf3EJlHpymKZ4=
github.com/hongping1224/lidario v0.0.0-20200916050242-dcaaf6bb005f/go.mod h1:vzGT5DnmH4z7yUdLWBuAfKOYm6IUobQG4GumTur85Hg=
github.com/jonas-p/go-shp v0.1.1 h1:LY81nN67DBCz6VNFn2kS64CjmnDo9IP8rmSkTvhO9jE=
github.com/jonas-p/go-shp v0.1.1/go.mod h1:MRIhyxDQ6VVp0oYeD7yPGr5RSTNScUFKCDsI5DR7PtI=
